
Microsoft Visual Studio Solution File, Format Version 12.00
# Visual Studio 15
VisualStudioVersion = 15.0.27703.2042
MinimumVisualStudioVersion = 10.0.40219.1
Project("{9A19103F-16F7-4668-BE54-9A1E7A4F7556}") = "Tw.ApiGateway", "Tw.ApiGateway\Tw.ApiGateway.csproj", "{DA984EE7-8261-491B-A21D-E7FC9FADF38D}"
EndProject
Project("{9A19103F-16F7-4668-BE54-9A1E7A4F7556}") = "BookingApi", "BookingApi\BookingApi.csproj", "{270B85CD-3008-4F08-B99D-E2E2C0B90861}"
EndProject
Project("{9A19103F-16F7-4668-BE54-9A1E7A4F7556}") = "PassengerApi", "PassengerApi\PassengerApi.csproj", "{9458B075-F07C-4BEF-B31A-1CA6746F6E63}"
EndProject
Project("{9A19103F-16F7-4668-BE54-9A1E7A4F7556}") = "Tw.Core", "Tw.Core\Tw.Core.csproj", "{DB4BC611-8B1D-4ED9-BE2A-A0900A4EA2D1}"
EndProject
Project("{9A19103F-16F7-4668-BE54-9A1E7A4F7556}") = "Tw.Entity", "Tw.Entity\Tw.Entity.csproj", "{D3CA473F-8062-4EA1-95C8-1E5F87F33AC2}"
EndProject
Project("{9A19103F-16F7-4668-BE54-9A1E7A4F7556}") = "Tw.IdentityServer", "Tw.IdentityServer\Tw.IdentityServer.csproj", "{92607D49-5BAB-4593-B1A8-C0412394BAAD}"
EndProject
Project("{9A19103F-16F7-4668-BE54-9A1E7A4F7556}") = "Tw.IdentityServer4.AccessTokenValidation", "Tw.IdentityServer4.AccessTokenValidation\Tw.IdentityServer4.AccessTokenValidation.csproj", "{F4302119-58B7-4FD9-AA71-AB51CB703094}"
EndProject
Project("{9A19103F-16F7-4668-BE54-9A1E7A4F7556}") = "Tw.IdentityService", "Tw.IdentityService\Tw.IdentityService.csproj", "{A02F16B2-86A2-4B52-A288-859F77F47B53}"
EndProject
Project("{9A19103F-16F7-4668-BE54-9A1E7A4F7556}") = "Tw.Ocelot", "Tw.Ocelot\Tw.Ocelot.csproj", "{71086842-17DB-4745-A69E-394B6AD523D9}"
EndProject
Project("{9A19103F-16F7-4668-BE54-9A1E7A4F7556}") = "Tw.Ocelot.Provider.Consul", "Tw.Ocelot.Provider.Consul\Tw.Ocelot.Provider.Consul.csproj", "{FFEDA9C1-F762-4C9B-ACE9-7D82EA65C12C}"
EndProject
Project("{9A19103F-16F7-4668-BE54-9A1E7A4F7556}") = "Tw.Redis", "Tw.Redis\Tw.Redis.csproj", "{B2A89A4A-F2A3-49B9-A2DC-DD8D4C668F6C}"
EndProject
Project("{9A19103F-16F7-4668-BE54-9A1E7A4F7556}") = "Tw.Repository", "Tw.Repository\Tw.Repository.csproj", "{29FEB985-D2AC-44FA-8ED5-2E56931319B5}"
EndProject
Project("{9A19103F-16F7-4668-BE54-9A1E7A4F7556}") = "Tw.Service", "Tw.Service\Tw.Service.csproj", "{51EAF9E6-D4ED-48B6-B5B1-C575FE108F94}"
EndProject
Project("{2150E333-8FDC-42A3-9474-1A3956D46DE8}") = "API", "API", "{ED42E05C-9C80-4356-9059-E872E29EBAEF}"
EndProject
Project("{2150E333-8FDC-42A3-9474-1A3956D46DE8}") = "ApiGateWay", "ApiGateWay", "{211B5399-58B2-4B64-941E-0AFB8D4122CF}"
EndProject
Project("{2150E333-8FDC-42A3-9474-1A3956D46DE8}") = "Libraies", "Libraies", "{58816D40-FC33-46DD-841F-6F83DFB0E59D}"
EndProject
Project("{2150E333-8FDC-42A3-9474-1A3956D46DE8}") = "MiddleWare", "MiddleWare", "{DF2F55A1-52C1-402A-974E-1D69C5827DAF}"
EndProject
Global
	GlobalSection(SolutionConfigurationPlatforms) = preSolution
		Debug|Any CPU = Debug|Any CPU
		Release|Any CPU = Release|Any CPU
	EndGlobalSection
	GlobalSection(ProjectConfigurationPlatforms) = postSolution
		{DA984EE7-8261-491B-A21D-E7FC9FADF38D}.Debug|Any CPU.ActiveCfg = Debug|Any CPU
		{DA984EE7-8261-491B-A21D-E7FC9FADF38D}.Debug|Any CPU.Build.0 = Debug|Any CPU
		{DA984EE7-8261-491B-A21D-E7FC9FADF38D}.Release|Any CPU.ActiveCfg = Release|Any CPU
		{DA984EE7-8261-491B-A21D-E7FC9FADF38D}.Release|Any CPU.Build.0 = Release|Any CPU
		{270B85CD-3008-4F08-B99D-E2E2C0B90861}.Debug|Any CPU.ActiveCfg = Debug|Any CPU
		{270B85CD-3008-4F08-B99D-E2E2C0B90861}.Debug|Any CPU.Build.0 = Debug|Any CPU
		{270B85CD-3008-4F08-B99D-E2E2C0B90861}.Release|Any CPU.ActiveCfg = Release|Any CPU
		{270B85CD-3008-4F08-B99D-E2E2C0B90861}.Release|Any CPU.Build.0 = Release|Any CPU
		{9458B075-F07C-4BEF-B31A-1CA6746F6E63}.Debug|Any CPU.ActiveCfg = Debug|Any CPU
		{9458B075-F07C-4BEF-B31A-1CA6746F6E63}.Debug|Any CPU.Build.0 = Debug|Any CPU
		{9458B075-F07C-4BEF-B31A-1CA6746F6E63}.Release|Any CPU.ActiveCfg = Release|Any CPU
		{9458B075-F07C-4BEF-B31A-1CA6746F6E63}.Release|Any CPU.Build.0 = Release|Any CPU
		{DB4BC611-8B1D-4ED9-BE2A-A0900A4EA2D1}.Debug|Any CPU.ActiveCfg = Debug|Any CPU
		{DB4BC611-8B1D-4ED9-BE2A-A0900A4EA2D1}.Debug|Any CPU.Build.0 = Debug|Any CPU
		{DB4BC611-8B1D-4ED9-BE2A-A0900A4EA2D1}.Release|Any CPU.ActiveCfg = Release|Any CPU
		{DB4BC611-8B1D-4ED9-BE2A-A0900A4EA2D1}.Release|Any CPU.Build.0 = Release|Any CPU
		{D3CA473F-8062-4EA1-95C8-1E5F87F33AC2}.Debug|Any CPU.ActiveCfg = Debug|Any CPU
		{D3CA473F-8062-4EA1-95C8-1E5F87F33AC2}.Debug|Any CPU.Build.0 = Debug|Any CPU
		{D3CA473F-8062-4EA1-95C8-1E5F87F33AC2}.Release|Any CPU.ActiveCfg = Release|Any CPU
		{D3CA473F-8062-4EA1-95C8-1E5F87F33AC2}.Release|Any CPU.Build.0 = Release|Any CPU
		{92607D49-5BAB-4593-B1A8-C0412394BAAD}.Debug|Any CPU.ActiveCfg = Debug|Any CPU
		{92607D49-5BAB-4593-B1A8-C0412394BAAD}.Debug|Any CPU.Build.0 = Debug|Any CPU
		{92607D49-5BAB-4593-B1A8-C0412394BAAD}.Release|Any CPU.ActiveCfg = Release|Any CPU
		{92607D49-5BAB-4593-B1A8-C0412394BAAD}.Release|Any CPU.Build.0 = Release|Any CPU
		{F4302119-58B7-4FD9-AA71-AB51CB703094}.Debug|Any CPU.ActiveCfg = Debug|Any CPU
		{F4302119-58B7-4FD9-AA71-AB51CB703094}.Debug|Any CPU.Build.0 = Debug|Any CPU
		{F4302119-58B7-4FD9-AA71-AB51CB703094}.Release|Any CPU.ActiveCfg = Release|Any CPU
		{F4302119-58B7-4FD9-AA71-AB51CB703094}.Release|Any CPU.Build.0 = Release|Any CPU
		{A02F16B2-86A2-4B52-A288-859F77F47B53}.Debug|Any CPU.ActiveCfg = Debug|Any CPU
		{A02F16B2-86A2-4B52-A288-859F77F47B53}.Debug|Any CPU.Build.0 = Debug|Any CPU
		{A02F16B2-86A2-4B52-A288-859F77F47B53}.Release|Any CPU.ActiveCfg = Release|Any CPU
		{A02F16B2-86A2-4B52-A288-859F77F47B53}.Release|Any CPU.Build.0 = Release|Any CPU
		{71086842-17DB-4745-A69E-394B6AD523D9}.Debug|Any CPU.ActiveCfg = Debug|Any CPU
		{71086842-17DB-4745-A69E-394B6AD523D9}.Debug|Any CPU.Build.0 = Debug|Any CPU
		{71086842-17DB-4745-A69E-394B6AD523D9}.Release|Any CPU.ActiveCfg = Release|Any CPU
		{71086842-17DB-4745-A69E-394B6AD523D9}.Release|Any CPU.Build.0 = Release|Any CPU
		{FFEDA9C1-F762-4C9B-ACE9-7D82EA65C12C}.Debug|Any CPU.ActiveCfg = Debug|Any CPU
		{FFEDA9C1-F762-4C9B-ACE9-7D82EA65C12C}.Debug|Any CPU.Build.0 = Debug|Any CPU
		{FFEDA9C1-F762-4C9B-ACE9-7D82EA65C12C}.Release|Any CPU.ActiveCfg = Release|Any CPU
		{FFEDA9C1-F762-4C9B-ACE9-7D82EA65C12C}.Release|Any CPU.Build.0 = Release|Any CPU
		{B2A89A4A-F2A3-49B9-A2DC-DD8D4C668F6C}.Debug|Any CPU.ActiveCfg = Debug|Any CPU
		{B2A89A4A-F2A3-49B9-A2DC-DD8D4C668F6C}.Debug|Any CPU.Build.0 = Debug|Any CPU
		{B2A89A4A-F2A3-49B9-A2DC-DD8D4C668F6C}.Release|Any CPU.ActiveCfg = Release|Any CPU
		{B2A89A4A-F2A3-49B9-A2DC-DD8D4C668F6C}.Release|Any CPU.Build.0 = Release|Any CPU
		{29FEB985-D2AC-44FA-8ED5-2E56931319B5}.Debug|Any CPU.ActiveCfg = Debug|Any CPU
		{29FEB985-D2AC-44FA-8ED5-2E56931319B5}.Debug|Any CPU.Build.0 = Debug|Any CPU
		{29FEB985-D2AC-44FA-8ED5-2E56931319B5}.Release|Any CPU.ActiveCfg = Release|Any CPU
		{29FEB985-D2AC-44FA-8ED5-2E56931319B5}.Release|Any CPU.Build.0 = Release|Any CPU
		{51EAF9E6-D4ED-48B6-B5B1-C575FE108F94}.Debug|Any CPU.ActiveCfg = Debug|Any CPU
		{51EAF9E6-D4ED-48B6-B5B1-C575FE108F94}.Debug|Any CPU.Build.0 = Debug|Any CPU
		{51EAF9E6-D4ED-48B6-B5B1-C575FE108F94}.Release|Any CPU.ActiveCfg = Release|Any CPU
		{51EAF9E6-D4ED-48B6-B5B1-C575FE108F94}.Release|Any CPU.Build.0 = Release|Any CPU
	EndGlobalSection
	GlobalSection(SolutionProperties) = preSolution
		HideSolutionNode = FALSE
	EndGlobalSection
	GlobalSection(NestedProjects) = preSolution
		{DA984EE7-8261-491B-A21D-E7FC9FADF38D} = {211B5399-58B2-4B64-941E-0AFB8D4122CF}
		{270B85CD-3008-4F08-B99D-E2E2C0B90861} = {ED42E05C-9C80-4356-9059-E872E29EBAEF}
		{9458B075-F07C-4BEF-B31A-1CA6746F6E63} = {ED42E05C-9C80-4356-9059-E872E29EBAEF}
		{DB4BC611-8B1D-4ED9-BE2A-A0900A4EA2D1} = {58816D40-FC33-46DD-841F-6F83DFB0E59D}
		{D3CA473F-8062-4EA1-95C8-1E5F87F33AC2} = {58816D40-FC33-46DD-841F-6F83DFB0E59D}
		{92607D49-5BAB-4593-B1A8-C0412394BAAD} = {DF2F55A1-52C1-402A-974E-1D69C5827DAF}
		{F4302119-58B7-4FD9-AA71-AB51CB703094} = {DF2F55A1-52C1-402A-974E-1D69C5827DAF}
		{A02F16B2-86A2-4B52-A288-859F77F47B53} = {211B5399-58B2-4B64-941E-0AFB8D4122CF}
		{71086842-17DB-4745-A69E-394B6AD523D9} = {DF2F55A1-52C1-402A-974E-1D69C5827DAF}
		{FFEDA9C1-F762-4C9B-ACE9-7D82EA65C12C} = {DF2F55A1-52C1-402A-974E-1D69C5827DAF}
		{B2A89A4A-F2A3-49B9-A2DC-DD8D4C668F6C} = {58816D40-FC33-46DD-841F-6F83DFB0E59D}
		{29FEB985-D2AC-44FA-8ED5-2E56931319B5} = {58816D40-FC33-46DD-841F-6F83DFB0E59D}
		{51EAF9E6-D4ED-48B6-B5B1-C575FE108F94} = {58816D40-FC33-46DD-841F-6F83DFB0E59D}
	EndGlobalSection
	GlobalSection(ExtensibilityGlobals) = postSolution
		SolutionGuid = {C709ED9B-D32C-4730-86E9-EE893B7E6986}
	EndGlobalSection
EndGlobal
