
Microsoft Visual Studio Solution File, Format Version 12.00
# Visual Studio 15
VisualStudioVersion = 15.0.27703.2026
MinimumVisualStudioVersion = 10.0.40219.1
Project("{9A19103F-16F7-4668-BE54-9A1E7A4F7556}") = "Tw.ApiGateway", "Tw.ApiGateway.csproj", "{C2B38458-4697-479B-BF34-872FC10F84B7}"
EndProject
Project("{9A19103F-16F7-4668-BE54-9A1E7A4F7556}") = "BookingApi", "..\BookingApi\BookingApi.csproj", "{80885470-EA4B-4302-B504-FF7CEDE9F0E8}"
EndProject
Project("{9A19103F-16F7-4668-BE54-9A1E7A4F7556}") = "PassengerApi", "..\PassengerApi\PassengerApi.csproj", "{73654068-78AD-4578-B6F1-0535B92460EB}"
EndProject
Project("{9A19103F-16F7-4668-BE54-9A1E7A4F7556}") = "Tw.Ocelot", "..\Tw.Ocelot\Tw.Ocelot.csproj", "{6F03121A-D078-4576-A43A-EED1B62A3562}"
EndProject
Project("{9A19103F-16F7-4668-BE54-9A1E7A4F7556}") = "Tw.IdentityService", "..\Tw.IdentityService\Tw.IdentityService.csproj", "{3DA4D0E6-CB67-47F3-A507-7A34A946BEEE}"
EndProject
Project("{9A19103F-16F7-4668-BE54-9A1E7A4F7556}") = "Tw.IdentityServer", "..\Tw.IdentityServer\Tw.IdentityServer.csproj", "{AD7B46A3-1AB5-49A9-9F14-5389C6366FA8}"
EndProject
Project("{2150E333-8FDC-42A3-9474-1A3956D46DE8}") = "MiddleWare", "MiddleWare", "{EDF0A116-248B-49BA-B487-C49A2752FB29}"
EndProject
Project("{9A19103F-16F7-4668-BE54-9A1E7A4F7556}") = "Tw.IdentityServer4.AccessTokenValidation", "..\Tw.IdentityServer4.AccessTokenValidation\Tw.IdentityServer4.AccessTokenValidation.csproj", "{07CAF795-0866-4E96-ABC9-EBB8648C200B}"
EndProject
Project("{2150E333-8FDC-42A3-9474-1A3956D46DE8}") = "ApiGateway", "ApiGateway", "{7B56C460-1898-4D96-87F7-9E2ADD5002F6}"
EndProject
Project("{2150E333-8FDC-42A3-9474-1A3956D46DE8}") = "Libraries", "Libraries", "{1708B27B-1705-43A3-8594-EFE880F36367}"
EndProject
Project("{9A19103F-16F7-4668-BE54-9A1E7A4F7556}") = "Tw.Core", "..\Tw.Core\Tw.Core.csproj", "{EBA39E3F-D445-4F3A-A28C-8D22539789EE}"
EndProject
Project("{9A19103F-16F7-4668-BE54-9A1E7A4F7556}") = "Tw.Entity", "..\Tw.Entity\Tw.Entity.csproj", "{46563889-CB3C-41C8-B4BC-36A08CD22D29}"
EndProject
Project("{9A19103F-16F7-4668-BE54-9A1E7A4F7556}") = "Tw.Service", "..\Tw.Service\Tw.Service.csproj", "{74AC3123-8F72-48F6-9E9D-4F81803E4A29}"
EndProject
Project("{9A19103F-16F7-4668-BE54-9A1E7A4F7556}") = "Tw.Repository", "..\Tw.Repository\Tw.Repository.csproj", "{029D587B-1E8C-4D8A-B816-78C8A43BE0CF}"
EndProject
Project("{9A19103F-16F7-4668-BE54-9A1E7A4F7556}") = "Tw.Redis", "..\Tw.Redis\Tw.Redis.csproj", "{C5F8A0F1-0811-40BE-AD4A-67A1AB790612}"
EndProject
Project("{2150E333-8FDC-42A3-9474-1A3956D46DE8}") = "Api", "Api", "{F4DCC6AF-F3B8-4E5F-A274-28AC0AD00036}"
EndProject
Project("{9A19103F-16F7-4668-BE54-9A1E7A4F7556}") = "Tw.Ocelot.Provider.Consul", "..\Tw.Ocelot.Provider.Consul\Tw.Ocelot.Provider.Consul.csproj", "{D787E9A3-64EA-4093-8121-78AC5AB79FF0}"
EndProject
Global
	GlobalSection(SolutionConfigurationPlatforms) = preSolution
		Debug|Any CPU = Debug|Any CPU
		Release|Any CPU = Release|Any CPU
	EndGlobalSection
	GlobalSection(ProjectConfigurationPlatforms) = postSolution
		{C2B38458-4697-479B-BF34-872FC10F84B7}.Debug|Any CPU.ActiveCfg = Debug|Any CPU
		{C2B38458-4697-479B-BF34-872FC10F84B7}.Debug|Any CPU.Build.0 = Debug|Any CPU
		{C2B38458-4697-479B-BF34-872FC10F84B7}.Release|Any CPU.ActiveCfg = Release|Any CPU
		{C2B38458-4697-479B-BF34-872FC10F84B7}.Release|Any CPU.Build.0 = Release|Any CPU
		{80885470-EA4B-4302-B504-FF7CEDE9F0E8}.Debug|Any CPU.ActiveCfg = Debug|Any CPU
		{80885470-EA4B-4302-B504-FF7CEDE9F0E8}.Debug|Any CPU.Build.0 = Debug|Any CPU
		{80885470-EA4B-4302-B504-FF7CEDE9F0E8}.Release|Any CPU.ActiveCfg = Release|Any CPU
		{80885470-EA4B-4302-B504-FF7CEDE9F0E8}.Release|Any CPU.Build.0 = Release|Any CPU
		{73654068-78AD-4578-B6F1-0535B92460EB}.Debug|Any CPU.ActiveCfg = Debug|Any CPU
		{73654068-78AD-4578-B6F1-0535B92460EB}.Debug|Any CPU.Build.0 = Debug|Any CPU
		{73654068-78AD-4578-B6F1-0535B92460EB}.Release|Any CPU.ActiveCfg = Release|Any CPU
		{73654068-78AD-4578-B6F1-0535B92460EB}.Release|Any CPU.Build.0 = Release|Any CPU
		{6F03121A-D078-4576-A43A-EED1B62A3562}.Debug|Any CPU.ActiveCfg = Debug|Any CPU
		{6F03121A-D078-4576-A43A-EED1B62A3562}.Debug|Any CPU.Build.0 = Debug|Any CPU
		{6F03121A-D078-4576-A43A-EED1B62A3562}.Release|Any CPU.ActiveCfg = Release|Any CPU
		{6F03121A-D078-4576-A43A-EED1B62A3562}.Release|Any CPU.Build.0 = Release|Any CPU
		{3DA4D0E6-CB67-47F3-A507-7A34A946BEEE}.Debug|Any CPU.ActiveCfg = Debug|Any CPU
		{3DA4D0E6-CB67-47F3-A507-7A34A946BEEE}.Debug|Any CPU.Build.0 = Debug|Any CPU
		{3DA4D0E6-CB67-47F3-A507-7A34A946BEEE}.Release|Any CPU.ActiveCfg = Release|Any CPU
		{3DA4D0E6-CB67-47F3-A507-7A34A946BEEE}.Release|Any CPU.Build.0 = Release|Any CPU
		{AD7B46A3-1AB5-49A9-9F14-5389C6366FA8}.Debug|Any CPU.ActiveCfg = Debug|Any CPU
		{AD7B46A3-1AB5-49A9-9F14-5389C6366FA8}.Debug|Any CPU.Build.0 = Debug|Any CPU
		{AD7B46A3-1AB5-49A9-9F14-5389C6366FA8}.Release|Any CPU.ActiveCfg = Release|Any CPU
		{AD7B46A3-1AB5-49A9-9F14-5389C6366FA8}.Release|Any CPU.Build.0 = Release|Any CPU
		{07CAF795-0866-4E96-ABC9-EBB8648C200B}.Debug|Any CPU.ActiveCfg = Debug|Any CPU
		{07CAF795-0866-4E96-ABC9-EBB8648C200B}.Debug|Any CPU.Build.0 = Debug|Any CPU
		{07CAF795-0866-4E96-ABC9-EBB8648C200B}.Release|Any CPU.ActiveCfg = Release|Any CPU
		{07CAF795-0866-4E96-ABC9-EBB8648C200B}.Release|Any CPU.Build.0 = Release|Any CPU
		{EBA39E3F-D445-4F3A-A28C-8D22539789EE}.Debug|Any CPU.ActiveCfg = Debug|Any CPU
		{EBA39E3F-D445-4F3A-A28C-8D22539789EE}.Debug|Any CPU.Build.0 = Debug|Any CPU
		{EBA39E3F-D445-4F3A-A28C-8D22539789EE}.Release|Any CPU.ActiveCfg = Release|Any CPU
		{EBA39E3F-D445-4F3A-A28C-8D22539789EE}.Release|Any CPU.Build.0 = Release|Any CPU
		{46563889-CB3C-41C8-B4BC-36A08CD22D29}.Debug|Any CPU.ActiveCfg = Debug|Any CPU
		{46563889-CB3C-41C8-B4BC-36A08CD22D29}.Debug|Any CPU.Build.0 = Debug|Any CPU
		{46563889-CB3C-41C8-B4BC-36A08CD22D29}.Release|Any CPU.ActiveCfg = Release|Any CPU
		{46563889-CB3C-41C8-B4BC-36A08CD22D29}.Release|Any CPU.Build.0 = Release|Any CPU
		{74AC3123-8F72-48F6-9E9D-4F81803E4A29}.Debug|Any CPU.ActiveCfg = Debug|Any CPU
		{74AC3123-8F72-48F6-9E9D-4F81803E4A29}.Debug|Any CPU.Build.0 = Debug|Any CPU
		{74AC3123-8F72-48F6-9E9D-4F81803E4A29}.Release|Any CPU.ActiveCfg = Release|Any CPU
		{74AC3123-8F72-48F6-9E9D-4F81803E4A29}.Release|Any CPU.Build.0 = Release|Any CPU
		{029D587B-1E8C-4D8A-B816-78C8A43BE0CF}.Debug|Any CPU.ActiveCfg = Debug|Any CPU
		{029D587B-1E8C-4D8A-B816-78C8A43BE0CF}.Debug|Any CPU.Build.0 = Debug|Any CPU
		{029D587B-1E8C-4D8A-B816-78C8A43BE0CF}.Release|Any CPU.ActiveCfg = Release|Any CPU
		{029D587B-1E8C-4D8A-B816-78C8A43BE0CF}.Release|Any CPU.Build.0 = Release|Any CPU
		{C5F8A0F1-0811-40BE-AD4A-67A1AB790612}.Debug|Any CPU.ActiveCfg = Debug|Any CPU
		{C5F8A0F1-0811-40BE-AD4A-67A1AB790612}.Debug|Any CPU.Build.0 = Debug|Any CPU
		{C5F8A0F1-0811-40BE-AD4A-67A1AB790612}.Release|Any CPU.ActiveCfg = Release|Any CPU
		{C5F8A0F1-0811-40BE-AD4A-67A1AB790612}.Release|Any CPU.Build.0 = Release|Any CPU
		{D787E9A3-64EA-4093-8121-78AC5AB79FF0}.Debug|Any CPU.ActiveCfg = Debug|Any CPU
		{D787E9A3-64EA-4093-8121-78AC5AB79FF0}.Debug|Any CPU.Build.0 = Debug|Any CPU
		{D787E9A3-64EA-4093-8121-78AC5AB79FF0}.Release|Any CPU.ActiveCfg = Release|Any CPU
		{D787E9A3-64EA-4093-8121-78AC5AB79FF0}.Release|Any CPU.Build.0 = Release|Any CPU
	EndGlobalSection
	GlobalSection(SolutionProperties) = preSolution
		HideSolutionNode = FALSE
	EndGlobalSection
	GlobalSection(NestedProjects) = preSolution
		{C2B38458-4697-479B-BF34-872FC10F84B7} = {7B56C460-1898-4D96-87F7-9E2ADD5002F6}
		{80885470-EA4B-4302-B504-FF7CEDE9F0E8} = {F4DCC6AF-F3B8-4E5F-A274-28AC0AD00036}
		{73654068-78AD-4578-B6F1-0535B92460EB} = {F4DCC6AF-F3B8-4E5F-A274-28AC0AD00036}
		{6F03121A-D078-4576-A43A-EED1B62A3562} = {EDF0A116-248B-49BA-B487-C49A2752FB29}
		{3DA4D0E6-CB67-47F3-A507-7A34A946BEEE} = {7B56C460-1898-4D96-87F7-9E2ADD5002F6}
		{AD7B46A3-1AB5-49A9-9F14-5389C6366FA8} = {EDF0A116-248B-49BA-B487-C49A2752FB29}
		{07CAF795-0866-4E96-ABC9-EBB8648C200B} = {EDF0A116-248B-49BA-B487-C49A2752FB29}
		{EBA39E3F-D445-4F3A-A28C-8D22539789EE} = {1708B27B-1705-43A3-8594-EFE880F36367}
		{46563889-CB3C-41C8-B4BC-36A08CD22D29} = {1708B27B-1705-43A3-8594-EFE880F36367}
		{74AC3123-8F72-48F6-9E9D-4F81803E4A29} = {1708B27B-1705-43A3-8594-EFE880F36367}
		{029D587B-1E8C-4D8A-B816-78C8A43BE0CF} = {1708B27B-1705-43A3-8594-EFE880F36367}
		{C5F8A0F1-0811-40BE-AD4A-67A1AB790612} = {1708B27B-1705-43A3-8594-EFE880F36367}
		{D787E9A3-64EA-4093-8121-78AC5AB79FF0} = {EDF0A116-248B-49BA-B487-C49A2752FB29}
	EndGlobalSection
	GlobalSection(ExtensibilityGlobals) = postSolution
		SolutionGuid = {1B1A978C-FC2A-47F9-A862-B6F6B85D2265}
	EndGlobalSection
EndGlobal
